
Microsoft Visual Studio Solution File, Format Version 12.00
# Visual Studio Version 17
VisualStudioVersion = 17.0.31912.275
MinimumVisualStudioVersion = 10.0.40219.1
Project("{9A19103F-16F7-4668-BE54-9A1E7A4F7556}") = "ClassVisualizer", "ClassVisualizer\ClassVisualizer.csproj", "{8BCFF0CF-97AA-4654-B24C-A591ABBE911D}"
EndProject
Project("{2150E333-8FDC-42A3-9474-1A3956D46DE8}") = "Dependencies", "Dependencies", "{05F93C07-1FDE-49BA-A39F-BC79F9E4A745}"
EndProject
Project("{9A19103F-16F7-4668-BE54-9A1E7A4F7556}") = "OROptimizer.Shared", "..\OROptimizer.Shared\OROptimizer.Shared\OROptimizer.Shared.csproj", "{A19DA0F1-6B9D-471F-865E-5FBD276C8589}"
EndProject
Project("{2150E333-8FDC-42A3-9474-1A3956D46DE8}") = "Solution Items", "Solution Items", "{3B800077-CDBD-4F49-8759-358489B95720}"
	ProjectSection(SolutionItems) = preProject
		LICENSE.txt = LICENSE.txt
		README.md = README.md
	EndProjectSection
EndProject
Global
	GlobalSection(SolutionConfigurationPlatforms) = preSolution
		Debug|Any CPU = Debug|Any CPU
		Release|Any CPU = Release|Any CPU
	EndGlobalSection
	GlobalSection(ProjectConfigurationPlatforms) = postSolution
		{8BCFF0CF-97AA-4654-B24C-A591ABBE911D}.Debug|Any CPU.ActiveCfg = Debug|Any CPU
		{8BCFF0CF-97AA-4654-B24C-A591ABBE911D}.Debug|Any CPU.Build.0 = Debug|Any CPU
		{8BCFF0CF-97AA-4654-B24C-A591ABBE911D}.Release|Any CPU.ActiveCfg = Release|Any CPU
		{8BCFF0CF-97AA-4654-B24C-A591ABBE911D}.Release|Any CPU.Build.0 = Release|Any CPU
		{A19DA0F1-6B9D-471F-865E-5FBD276C8589}.Debug|Any CPU.ActiveCfg = Debug|Any CPU
		{A19DA0F1-6B9D-471F-865E-5FBD276C8589}.Debug|Any CPU.Build.0 = Debug|Any CPU
		{A19DA0F1-6B9D-471F-865E-5FBD276C8589}.Release|Any CPU.ActiveCfg = Release|Any CPU
		{A19DA0F1-6B9D-471F-865E-5FBD276C8589}.Release|Any CPU.Build.0 = Release|Any CPU
	EndGlobalSection
	GlobalSection(SolutionProperties) = preSolution
		HideSolutionNode = FALSE
	EndGlobalSection
	GlobalSection(NestedProjects) = preSolution
		{A19DA0F1-6B9D-471F-865E-5FBD276C8589} = {05F93C07-1FDE-49BA-A39F-BC79F9E4A745}
	EndGlobalSection
	GlobalSection(ExtensibilityGlobals) = postSolution
		SolutionGuid = {B8D96121-C7D8-4334-AAFC-39E21618395B}
	EndGlobalSection
EndGlobal
